// !$*UTF8*$!
{
	archiveVersion = 1;
	classes = {
	};
	objectVersion = 50;
	objects = {

/* Begin PBXBuildFile section */
		2964E20D213D2AC800BCBB8F /* AppDelegate.swift in Sources */ = {isa = PBXBuildFile; fileRef = 2964E20C213D2AC800BCBB8F /* AppDelegate.swift */; };
		2964E20F213D2AC800BCBB8F /* ViewController.swift in Sources */ = {isa = PBXBuildFile; fileRef = 2964E20E213D2AC800BCBB8F /* ViewController.swift */; };
		2964E212213D2AC800BCBB8F /* Main.storyboard in Resources */ = {isa = PBXBuildFile; fileRef = 2964E210213D2AC800BCBB8F /* Main.storyboard */; };
		2964E214213D2ACA00BCBB8F /* Assets.xcassets in Resources */ = {isa = PBXBuildFile; fileRef = 2964E213213D2ACA00BCBB8F /* Assets.xcassets */; };
		2964E217213D2ACA00BCBB8F /* LaunchScreen.storyboard in Resources */ = {isa = PBXBuildFile; fileRef = 2964E215213D2ACA00BCBB8F /* LaunchScreen.storyboard */; };
/* End PBXBuildFile section */

/* Begin PBXFileReference section */
		2964E209213D2AC800BCBB8F /* TakusanYometane.app */ = {isa = PBXFileReference; explicitFileType = wrapper.application; includeInIndex = 0; path = TakusanYometane.app; sourceTree = BUILT_PRODUCTS_DIR; };
		2964E20C213D2AC800BCBB8F /* AppDelegate.swift */ = {isa = PBXFileReference; lastKnownFileType = sourcecode.swift; path = AppDelegate.swift; sourceTree = "<group>"; };
		2964E20E213D2AC800BCBB8F /* ViewController.swift */ = {isa = PBXFileReference; lastKnownFileType = sourcecode.swift; path = ViewController.swift; sourceTree = "<group>"; };
		2964E211213D2AC800BCBB8F /* Base */ = {isa = PBXFileReference; lastKnownFileType = file.storyboard; name = Base; path = Base.lproj/Main.storyboard; sourceTree = "<group>"; };
		2964E213213D2ACA00BCBB8F /* Assets.xcassets */ = {isa = PBXFileReference; lastKnownFileType = folder.assetcatalog; path = Assets.xcassets; sourceTree = "<group>"; };
		2964E216213D2ACA00BCBB8F /* Base */ = {isa = PBXFileReference; lastKnownFileType = file.storyboard; name = Base; path = Base.lproj/LaunchScreen.storyboard; sourceTree = "<group>"; };
		2964E218213D2ACA00BCBB8F /* Info.plist */ = {isa = PBXFileReference; lastKnownFileType = text.plist.xml; path = Info.plist; sourceTree = "<group>"; };
/* End PBXFileReference section */

/* Begin PBXFrameworksBuildPhase section */
		2964E206213D2AC800BCBB8F /* Frameworks */ = {
			isa = PBXFrameworksBuildPhase;
			buildActionMask = 2147483647;
			files = (
			);
			runOnlyForDeploymentPostprocessing = 0;
		};
/* End PBXFrameworksBuildPhase section */

/* Begin PBXGroup section */
		2964E200213D2AC800BCBB8F = {
			isa = PBXGroup;
			children = (
				2964E20B213D2AC800BCBB8F /* TakusanYometane */,
				2964E20A213D2AC800BCBB8F /* Products */,
			);
			sourceTree = "<group>";
		};
		2964E20A213D2AC800BCBB8F /* Products */ = {
			isa = PBXGroup;
			children = (
				2964E209213D2AC800BCBB8F /* TakusanYometane.app */,
			);
			name = Products;
			sourceTree = "<group>";
		};
		2964E20B213D2AC800BCBB8F /* TakusanYometane */ = {
			isa = PBXGroup;
			children = (
				2964E20C213D2AC800BCBB8F /* AppDelegate.swift */,
				2964E20E213D2AC800BCBB8F /* ViewController.swift */,
				2964E210213D2AC800BCBB8F /* Main.storyboard */,
				2964E213213D2ACA00BCBB8F /* Assets.xcassets */,
				2964E215213D2ACA00BCBB8F /* LaunchScreen.storyboard */,
				2964E218213D2ACA00BCBB8F /* Info.plist */,
			);
			path = TakusanYometane;
			sourceTree = "<group>";
		};
/* End PBXGroup section */

/* Begin PBXNativeTarget section */
		2964E208213D2AC800BCBB8F /* TakusanYometane */ = {
			isa = PBXNativeTarget;
			buildConfigurationList = 2964E21B213D2ACA00BCBB8F /* Build configuration list for PBXNativeTarget "TakusanYometane" */;
			buildPhases = (
				2964E205213D2AC800BCBB8F /* Sources */,
				2964E206213D2AC800BCBB8F /* Frameworks */,
				2964E207213D2AC800BCBB8F /* Resources */,
			);
			buildRules = (
			);
			dependencies = (
			);
			name = TakusanYometane;
			productName = TakusanYometane;
			productReference = 2964E209213D2AC800BCBB8F /* TakusanYometane.app */;
			productType = "com.apple.product-type.application";
		};
/* End PBXNativeTarget section */

/* Begin PBXProject section */
		2964E201213D2AC800BCBB8F /* Project object */ = {
			isa = PBXProject;
			attributes = {
				LastSwiftUpdateCheck = 0940;
				LastUpgradeCheck = 0940;
				ORGANIZATIONNAME = "Keita Sakamoto";
				TargetAttributes = {
					2964E208213D2AC800BCBB8F = {
						CreatedOnToolsVersion = 9.4.1;
					};
				};
			};
			buildConfigurationList = 2964E204213D2AC800BCBB8F /* Build configuration list for PBXProject "TakusanYometane" */;
			compatibilityVersion = "Xcode 9.3";
			developmentRegion = en;
			hasScannedForEncodings = 0;
			knownRegions = (
				en,
				Base,
			);
			mainGroup = 2964E200213D2AC800BCBB8F;
			productRefGroup = 2964E20A213D2AC800BCBB8F /* Products */;
			projectDirPath = "";
			projectRoot = "";
			targets = (
				2964E208213D2AC800BCBB8F /* TakusanYometane */,
			);
		};
/* End PBXProject section */

/* Begin PBXResourcesBuildPhase section */
		2964E207213D2AC800BCBB8F /* Resources */ = {
			isa = PBXResourcesBuildPhase;
			buildActionMask = 2147483647;
			files = (
				2964E217213D2ACA00BCBB8F /* LaunchScreen.storyboard in Resources */,
				2964E214213D2ACA00BCBB8F /* Assets.xcassets in Resources */,
				2964E212213D2AC800BCBB8F /* Main.storyboard in Resources */,
			);
			runOnlyForDeploymentPostprocessing = 0;
		};
/* End PBXResourcesBuildPhase section */

/* Begin PBXSourcesBuildPhase section */
		2964E205213D2AC800BCBB8F /* Sources */ = {
			isa = PBXSourcesBuildPhase;
			buildActionMask = 2147483647;
			files = (
				2964E20F213D2AC800BCBB8F /* ViewController.swift in Sources */,
				2964E20D213D2AC800BCBB8F /* AppDelegate.swift in Sources */,
			);
			runOnlyForDeploymentPostprocessing = 0;
		};
/* End PBXSourcesBuildPhase section */

/* Begin PBXVariantGroup section */
		2964E210213D2AC800BCBB8F /* Main.storyboard */ = {
			isa = PBXVariantGroup;
			children = (
				2964E211213D2AC800BCBB8F /* Base */,
			);
			name = Main.storyboard;
			sourceTree = "<group>";
		};
		2964E215213D2ACA00BCBB8F /* LaunchScreen.storyboard */ = {
			isa = PBXVariantGroup;
			children = (
				2964E216213D2ACA00BCBB8F /* Base */,
			);
			name = LaunchScreen.storyboard;
			sourceTree = "<group>";
		};
/* End PBXVariantGroup section */

/* Begin XCBuildConfiguration section */
		2964E219213D2ACA00BCBB8F /* Debug */ = {
			isa = XCBuildConfiguration;
			buildSettings = {
				ALWAYS_SEARCH_USER_PATHS = NO;
				CLANG_ANALYZER_NONNULL = YES;
				CLANG_ANALYZER_NUMBER_OBJECT_CONVERSION = YES_AGGRESSIVE;
				CLANG_CXX_LANGUAGE_STANDARD = "gnu++14";
				CLANG_CXX_LIBRARY = "libc++";
				CLANG_ENABLE_MODULES = YES;
				CLANG_ENABLE_OBJC_ARC = YES;
				CLANG_ENABLE_OBJC_WEAK = YES;
				CLANG_WARN_BLOCK_CAPTURE_AUTORELEASING = YES;
				CLANG_WARN_BOOL_CONVERSION = YES;
				CLANG_WARN_COMMA = YES;
				CLANG_WARN_CONSTANT_CONVERSION = YES;
				CLANG_WARN_DEPRECATED_OBJC_IMPLEMENTATIONS = YES;
				CLANG_WARN_DIRECT_OBJC_ISA_USAGE = YES_ERROR;
				CLANG_WARN_DOCUMENTATION_COMMENTS = YES;
				CLANG_WARN_EMPTY_BODY = YES;
				CLANG_WARN_ENUM_CONVERSION = YES;
				CLANG_WARN_INFINITE_RECURSION = YES;
				CLANG_WARN_INT_CONVERSION = YES;
				CLANG_WARN_NON_LITERAL_NULL_CONVERSION = YES;
				CLANG_WARN_OBJC_IMPLICIT_RETAIN_SELF = YES;
				CLANG_WARN_OBJC_LITERAL_CONVERSION = YES;
				CLANG_WARN_OBJC_ROOT_CLASS = YES_ERROR;
				CLANG_WARN_RANGE_LOOP_ANALYSIS = YES;
				CLANG_WARN_STRICT_PROTOTYPES = YES;
				CLANG_WARN_SUSPICIOUS_MOVE = YES;
				CLANG_WARN_UNGUARDED_AVAILABILITY = YES_AGGRESSIVE;
				CLANG_WARN_UNREACHABLE_CODE = YES;
				CLANG_WARN__DUPLICATE_METHOD_MATCH = YES;
				CODE_SIGN_IDENTITY = "iPhone Developer";
				COPY_PHASE_STRIP = NO;
				DEBUG_INFORMATION_FORMAT = dwarf;
				ENABLE_STRICT_OBJC_MSGSEND = YES;
				ENABLE_TESTABILITY = YES;
				GCC_C_LANGUAGE_STANDARD = gnu11;
				GCC_DYNAMIC_NO_PIC = NO;
				GCC_NO_COMMON_BLOCKS = YES;
				GCC_OPTIMIZATION_LEVEL = 0;
				GCC_PREPROCESSOR_DEFINITIONS = (
					"DEBUG=1",
					"$(inherited)",
				);
				GCC_WARN_64_TO_32_BIT_CONVERSION = YES;
				GCC_WARN_ABOUT_RETURN_TYPE = YES_ERROR;
				GCC_WARN_UNDECLARED_SELECTOR = YES;
				GCC_WARN_UNINITIALIZED_AUTOS = YES_AGGRESSIVE;
				GCC_WARN_UNUSED_FUNCTION = YES;
				GCC_WARN_UNUSED_VARIABLE = YES;
				IPHONEOS_DEPLOYMENT_TARGET = 11.4;
				MTL_ENABLE_DEBUG_INFO = YES;
				ONLY_ACTIVE_ARCH = YES;
				SDKROOT = iphoneos;
				SWIFT_ACTIVE_COMPILATION_CONDITIONS = DEBUG;
				SWIFT_OPTIMIZATION_LEVEL = "-Onone";
			};
			name = Debug;
		};
		2964E21A213D2ACA00BCBB8F /* Release */ = {
			isa = XCBuildConfiguration;
			buildSettings = {
				ALWAYS_SEARCH_USER_PATHS = NO;
				CLANG_ANALYZER_NONNULL = YES;
				CLANG_ANALYZER_NUMBER_OBJECT_CONVERSION = YES_AGGRESSIVE;
				CLANG_CXX_LANGUAGE_STANDARD = "gnu++14";
				CLANG_CXX_LIBRARY = "libc++";
				CLANG_ENABLE_MODULES = YES;
				CLANG_ENABLE_OBJC_ARC = YES;
				CLANG_ENABLE_OBJC_WEAK = YES;
				CLANG_WARN_BLOCK_CAPTURE_AUTORELEASING = YES;
				CLANG_WARN_BOOL_CONVERSION = YES;
				CLANG_WARN_COMMA = YES;
				CLANG_WARN_CONSTANT_CONVERSION = YES;
				CLANG_WARN_DEPRECATED_OBJC_IMPLEMENTATIONS = YES;
				CLANG_WARN_DIRECT_OBJC_ISA_USAGE = YES_ERROR;
				CLANG_WARN_DOCUMENTATION_COMMENTS = YES;
				CLANG_WARN_EMPTY_BODY = YES;
				CLANG_WARN_ENUM_CONVERSION = YES;
				CLANG_WARN_INFINITE_RECURSION = YES;
				CLANG_WARN_INT_CONVERSION = YES;
				CLANG_WARN_NON_LITERAL_NULL_CONVERSION = YES;
				CLANG_WARN_OBJC_IMPLICIT_RETAIN_SELF = YES;
				CLANG_WARN_OBJC_LITERAL_CONVERSION = YES;
				CLANG_WARN_OBJC_ROOT_CLASS = YES_ERROR;
				CLANG_WARN_RANGE_LOOP_ANALYSIS = YES;
				CLANG_WARN_STRICT_PROTOTYPES = YES;
				CLANG_WARN_SUSPICIOUS_MOVE = YES;
				CLANG_WARN_UNGUARDED_AVAILABILITY = YES_AGGRESSIVE;
				CLANG_WARN_UNREACHABLE_CODE = YES;
				CLANG_WARN__DUPLICATE_METHOD_MATCH = YES;
				CODE_SIGN_IDENTITY = "iPhone Developer";
				COPY_PHASE_STRIP = NO;
				DEBUG_INFORMATION_FORMAT = "dwarf-with-dsym";
				ENABLE_NS_ASSERTIONS = NO;
				ENABLE_STRICT_OBJC_MSGSEND = YES;
				GCC_C_LANGUAGE_STANDARD = gnu11;
				GCC_NO_COMMON_BLOCKS = YES;
				GCC_WARN_64_TO_32_BIT_CONVERSION = YES;
				GCC_WARN_ABOUT_RETURN_TYPE = YES_ERROR;
				GCC_WARN_UNDECLARED_SELECTOR = YES;
				GCC_WARN_UNINITIALIZED_AUTOS = YES_AGGRESSIVE;
				GCC_WARN_UNUSED_FUNCTION = YES;
				GCC_WARN_UNUSED_VARIABLE = YES;
				IPHONEOS_DEPLOYMENT_TARGET = 11.4;
				MTL_ENABLE_DEBUG_INFO = NO;
				SDKROOT = iphoneos;
				SWIFT_COMPILATION_MODE = wholemodule;
				SWIFT_OPTIMIZATION_LEVEL = "-O";
				VALIDATE_PRODUCT = YES;
			};
			name = Release;
		};
		2964E21C213D2ACA00BCBB8F /* Debug */ = {
			isa = XCBuildConfiguration;
			buildSettings = {
				ASSETCATALOG_COMPILER_APPICON_NAME = AppIcon;
				CODE_SIGN_STYLE = Automatic;
				DEVELOPMENT_TEAM = 6C8J8DUKZ8;
				INFOPLIST_FILE = TakusanYometane/Info.plist;
				LD_RUNPATH_SEARCH_PATHS = (
					"$(inherited)",
					"@executable_path/Frameworks",
				);
				PRODUCT_BUNDLE_IDENTIFIER = com.takusanyometane.TakusanYometane;
				PRODUCT_NAME = "$(TARGET_NAME)";
				SWIFT_VERSION = 4.0;
				TARGETED_DEVICE_FAMILY = "1,2";
			};
			name = Debug;
		};
		2964E21D213D2ACA00BCBB8F /* Release */ = {
			isa = XCBuildConfiguration;
			buildSettings = {
				ASSETCATALOG_COMPILER_APPICON_NAME = AppIcon;
				CODE_SIGN_STYLE = Automatic;
				DEVELOPMENT_TEAM = 6C8J8DUKZ8;
				INFOPLIST_FILE = TakusanYometane/Info.plist;
				LD_RUNPATH_SEARCH_PATHS = (
					"$(inherited)",
					"@executable_path/Frameworks",
				);
				PRODUCT_BUNDLE_IDENTIFIER = com.takusanyometane.TakusanYometane;
				PRODUCT_NAME = "$(TARGET_NAME)";
				SWIFT_VERSION = 4.0;
				TARGETED_DEVICE_FAMILY = "1,2";
			};
			name = Release;
		};
/* End XCBuildConfiguration section */

/* Begin XCConfigurationList section */
		2964E204213D2AC800BCBB8F /* Build configuration list for PBXProject "TakusanYometane" */ = {
			isa = XCConfigurationList;
			buildConfigurations = (
				2964E219213D2ACA00BCBB8F /* Debug */,
				2964E21A213D2ACA00BCBB8F /* Release */,
			);
			defaultConfigurationIsVisible = 0;
			defaultConfigurationName = Release;
		};
		2964E21B213D2ACA00BCBB8F /* Build configuration list for PBXNativeTarget "TakusanYometane" */ = {
			isa = XCConfigurationList;
			buildConfigurations = (
				2964E21C213D2ACA00BCBB8F /* Debug */,
				2964E21D213D2ACA00BCBB8F /* Release */,
			);
			defaultConfigurationIsVisible = 0;
			defaultConfigurationName = Release;
		};
/* End XCConfigurationList section */
	};
	rootObject = 2964E201213D2AC800BCBB8F /* Project object */;
}
